// !$*UTF8*$!
{
	archiveVersion = 1;
	classes = {
	};
	objectVersion = 51;
	objects = {

/* Begin PBXBuildFile section */
		9378A665E3B57A64DA34254D /* Pods_deer.framework in Frameworks */ = {isa = PBXBuildFile; fileRef = D7ABBEFE813B6A21DF97700D /* Pods_deer.framework */; };
		9E6CA5EB231B3D250084A38C /* AppDelegate.swift in Sources */ = {isa = PBXBuildFile; fileRef = 9E6CA5EA231B3D250084A38C /* AppDelegate.swift */; };
		9E6CA5ED231B3D250084A38C /* ViewController.swift in Sources */ = {isa = PBXBuildFile; fileRef = 9E6CA5EC231B3D250084A38C /* ViewController.swift */; };
		9E6CA5F0231B3D250084A38C /* Main.storyboard in Resources */ = {isa = PBXBuildFile; fileRef = 9E6CA5EE231B3D250084A38C /* Main.storyboard */; };
		9E6CA5F3231B3D250084A38C /* deer.xcdatamodeld in Sources */ = {isa = PBXBuildFile; fileRef = 9E6CA5F1231B3D250084A38C /* deer.xcdatamodeld */; };
		9E6CA5F5231B3D260084A38C /* Assets.xcassets in Resources */ = {isa = PBXBuildFile; fileRef = 9E6CA5F4231B3D260084A38C /* Assets.xcassets */; };
		9E6CA5F8231B3D260084A38C /* LaunchScreen.storyboard in Resources */ = {isa = PBXBuildFile; fileRef = 9E6CA5F6231B3D260084A38C /* LaunchScreen.storyboard */; };
		9E6CA600231B41D90084A38C /* Slate.swift in Sources */ = {isa = PBXBuildFile; fileRef = 9E6CA5FF231B41D90084A38C /* Slate.swift */; };
		9E6CA607231B45DD0084A38C /* Scooter+CoreDataClass.swift in Sources */ = {isa = PBXBuildFile; fileRef = 9E6CA605231B45DD0084A38C /* Scooter+CoreDataClass.swift */; };
		9E6CA608231B45DD0084A38C /* Scooter+CoreDataProperties.swift in Sources */ = {isa = PBXBuildFile; fileRef = 9E6CA606231B45DD0084A38C /* Scooter+CoreDataProperties.swift */; };
		9E6CA60B231B47360084A38C /* SlateScooter.swift in Sources */ = {isa = PBXBuildFile; fileRef = 9E6CA60A231B47360084A38C /* SlateScooter.swift */; };
/* End PBXBuildFile section */

/* Begin PBXFileReference section */
		4B3991ECD7554A25A669DBFF /* Pods-deer.debug.xcconfig */ = {isa = PBXFileReference; includeInIndex = 1; lastKnownFileType = text.xcconfig; name = "Pods-deer.debug.xcconfig"; path = "Target Support Files/Pods-deer/Pods-deer.debug.xcconfig"; sourceTree = "<group>"; };
		9E6CA5E7231B3D250084A38C /* deer.app */ = {isa = PBXFileReference; explicitFileType = wrapper.application; includeInIndex = 0; path = deer.app; sourceTree = BUILT_PRODUCTS_DIR; };
		9E6CA5EA231B3D250084A38C /* AppDelegate.swift */ = {isa = PBXFileReference; lastKnownFileType = sourcecode.swift; path = AppDelegate.swift; sourceTree = "<group>"; };
		9E6CA5EC231B3D250084A38C /* ViewController.swift */ = {isa = PBXFileReference; lastKnownFileType = sourcecode.swift; path = ViewController.swift; sourceTree = "<group>"; };
		9E6CA5EF231B3D250084A38C /* Base */ = {isa = PBXFileReference; lastKnownFileType = file.storyboard; name = Base; path = Base.lproj/Main.storyboard; sourceTree = "<group>"; };
		9E6CA5F2231B3D250084A38C /* deer.xcdatamodel */ = {isa = PBXFileReference; lastKnownFileType = wrapper.xcdatamodel; path = deer.xcdatamodel; sourceTree = "<group>"; };
		9E6CA5F4231B3D260084A38C /* Assets.xcassets */ = {isa = PBXFileReference; lastKnownFileType = folder.assetcatalog; path = Assets.xcassets; sourceTree = "<group>"; };
		9E6CA5F7231B3D260084A38C /* Base */ = {isa = PBXFileReference; lastKnownFileType = file.storyboard; name = Base; path = Base.lproj/LaunchScreen.storyboard; sourceTree = "<group>"; };
		9E6CA5F9231B3D260084A38C /* Info.plist */ = {isa = PBXFileReference; lastKnownFileType = text.plist.xml; path = Info.plist; sourceTree = "<group>"; };
		9E6CA5FF231B41D90084A38C /* Slate.swift */ = {isa = PBXFileReference; lastKnownFileType = sourcecode.swift; path = Slate.swift; sourceTree = "<group>"; };
		9E6CA605231B45DD0084A38C /* Scooter+CoreDataClass.swift */ = {isa = PBXFileReference; lastKnownFileType = sourcecode.swift; path = "Scooter+CoreDataClass.swift"; sourceTree = "<group>"; };
		9E6CA606231B45DD0084A38C /* Scooter+CoreDataProperties.swift */ = {isa = PBXFileReference; lastKnownFileType = sourcecode.swift; path = "Scooter+CoreDataProperties.swift"; sourceTree = "<group>"; };
		9E6CA60A231B47360084A38C /* SlateScooter.swift */ = {isa = PBXFileReference; fileEncoding = 4; lastKnownFileType = sourcecode.swift; path = SlateScooter.swift; sourceTree = "<group>"; };
		B1C573EC570419F767C77900 /* Pods-deer.release.xcconfig */ = {isa = PBXFileReference; includeInIndex = 1; lastKnownFileType = text.xcconfig; name = "Pods-deer.release.xcconfig"; path = "Target Support Files/Pods-deer/Pods-deer.release.xcconfig"; sourceTree = "<group>"; };
		D7ABBEFE813B6A21DF97700D /* Pods_deer.framework */ = {isa = PBXFileReference; explicitFileType = wrapper.framework; includeInIndex = 0; path = Pods_deer.framework; sourceTree = BUILT_PRODUCTS_DIR; };
/* End PBXFileReference section */

/* Begin PBXFrameworksBuildPhase section */
		9E6CA5E4231B3D250084A38C /* Frameworks */ = {
			isa = PBXFrameworksBuildPhase;
			buildActionMask = 2147483647;
			files = (
				9378A665E3B57A64DA34254D /* Pods_deer.framework in Frameworks */,
			);
			runOnlyForDeploymentPostprocessing = 0;
		};
/* End PBXFrameworksBuildPhase section */

/* Begin PBXGroup section */
		9817C866FBB45265B7B2BF43 /* Frameworks */ = {
			isa = PBXGroup;
			children = (
				D7ABBEFE813B6A21DF97700D /* Pods_deer.framework */,
			);
			name = Frameworks;
			sourceTree = "<group>";
		};
		9E6CA5DE231B3D250084A38C = {
			isa = PBXGroup;
			children = (
				9E6CA5E9231B3D250084A38C /* deer */,
				9E6CA5E8231B3D250084A38C /* Products */,
				EDD7D82EE59CD0B665EE90C2 /* Pods */,
				9817C866FBB45265B7B2BF43 /* Frameworks */,
			);
			sourceTree = "<group>";
		};
		9E6CA5E8231B3D250084A38C /* Products */ = {
			isa = PBXGroup;
			children = (
				9E6CA5E7231B3D250084A38C /* deer.app */,
			);
			name = Products;
			sourceTree = "<group>";
		};
		9E6CA5E9231B3D250084A38C /* deer */ = {
			isa = PBXGroup;
			children = (
				9E6CA609231B46CB0084A38C /* CoreData */,
				9E6CA605231B45DD0084A38C /* Scooter+CoreDataClass.swift */,
				9E6CA606231B45DD0084A38C /* Scooter+CoreDataProperties.swift */,
				9E6CA5EA231B3D250084A38C /* AppDelegate.swift */,
				9E6CA5EC231B3D250084A38C /* ViewController.swift */,
				9E6CA5EE231B3D250084A38C /* Main.storyboard */,
				9E6CA5F4231B3D260084A38C /* Assets.xcassets */,
				9E6CA5F6231B3D260084A38C /* LaunchScreen.storyboard */,
				9E6CA5F9231B3D260084A38C /* Info.plist */,
				9E6CA5F1231B3D250084A38C /* deer.xcdatamodeld */,
				9E6CA5FF231B41D90084A38C /* Slate.swift */,
			);
			path = deer;
			sourceTree = "<group>";
		};
		9E6CA609231B46CB0084A38C /* CoreData */ = {
			isa = PBXGroup;
			children = (
				9E6CA60A231B47360084A38C /* SlateScooter.swift */,
			);
			path = CoreData;
			sourceTree = "<group>";
		};
		EDD7D82EE59CD0B665EE90C2 /* Pods */ = {
			isa = PBXGroup;
			children = (
				4B3991ECD7554A25A669DBFF /* Pods-deer.debug.xcconfig */,
				B1C573EC570419F767C77900 /* Pods-deer.release.xcconfig */,
			);
			path = Pods;
			sourceTree = "<group>";
		};
/* End PBXGroup section */

/* Begin PBXNativeTarget section */
		9E6CA5E6231B3D250084A38C /* deer */ = {
			isa = PBXNativeTarget;
			buildConfigurationList = 9E6CA5FC231B3D260084A38C /* Build configuration list for PBXNativeTarget "deer" */;
			buildPhases = (
				15C5482842F0875874ADA753 /* [CP] Check Pods Manifest.lock */,
				9E6CA5E3231B3D250084A38C /* Sources */,
				9E6CA5E4231B3D250084A38C /* Frameworks */,
				9E6CA5E5231B3D250084A38C /* Resources */,
				569EF5E86FFDE6C2F1E92229 /* [CP] Embed Pods Frameworks */,
			);
			buildRules = (
			);
			dependencies = (
			);
			name = deer;
			productName = deer;
			productReference = 9E6CA5E7231B3D250084A38C /* deer.app */;
			productType = "com.apple.product-type.application";
		};
/* End PBXNativeTarget section */

/* Begin PBXProject section */
		9E6CA5DF231B3D250084A38C /* Project object */ = {
			isa = PBXProject;
			attributes = {
				LastSwiftUpdateCheck = 1030;
				LastUpgradeCheck = 1030;
				ORGANIZATIONNAME = "Kilo Loco";
				TargetAttributes = {
					9E6CA5E6231B3D250084A38C = {
						CreatedOnToolsVersion = 10.3;
					};
				};
			};
			buildConfigurationList = 9E6CA5E2231B3D250084A38C /* Build configuration list for PBXProject "deer" */;
			compatibilityVersion = "Xcode 9.3";
			developmentRegion = en;
			hasScannedForEncodings = 0;
			knownRegions = (
				en,
				Base,
			);
			mainGroup = 9E6CA5DE231B3D250084A38C;
			productRefGroup = 9E6CA5E8231B3D250084A38C /* Products */;
			projectDirPath = "";
			projectRoot = "";
			targets = (
				9E6CA5E6231B3D250084A38C /* deer */,
			);
		};
/* End PBXProject section */

/* Begin PBXResourcesBuildPhase section */
		9E6CA5E5231B3D250084A38C /* Resources */ = {
			isa = PBXResourcesBuildPhase;
			buildActionMask = 2147483647;
			files = (
				9E6CA5F8231B3D260084A38C /* LaunchScreen.storyboard in Resources */,
				9E6CA5F5231B3D260084A38C /* Assets.xcassets in Resources */,
				9E6CA5F0231B3D250084A38C /* Main.storyboard in Resources */,
			);
			runOnlyForDeploymentPostprocessing = 0;
		};
/* End PBXResourcesBuildPhase section */

/* Begin PBXShellScriptBuildPhase section */
		15C5482842F0875874ADA753 /* [CP] Check Pods Manifest.lock */ = {
			isa = PBXShellScriptBuildPhase;
			buildActionMask = 2147483647;
			files = (
			);
			inputFileListPaths = (
			);
			inputPaths = (
				"${PODS_PODFILE_DIR_PATH}/Podfile.lock",
				"${PODS_ROOT}/Manifest.lock",
			);
			name = "[CP] Check Pods Manifest.lock";
			outputFileListPaths = (
			);
			outputPaths = (
				"$(DERIVED_FILE_DIR)/Pods-deer-checkManifestLockResult.txt",
			);
			runOnlyForDeploymentPostprocessing = 0;
			shellPath = /bin/sh;
			shellScript = "diff \"${PODS_PODFILE_DIR_PATH}/Podfile.lock\" \"${PODS_ROOT}/Manifest.lock\" > /dev/null\nif [ $? != 0 ] ; then\n    # print error to STDERR\n    echo \"error: The sandbox is not in sync with the Podfile.lock. Run 'pod install' or update your CocoaPods installation.\" >&2\n    exit 1\nfi\n# This output is used by Xcode 'outputs' to avoid re-running this script phase.\necho \"SUCCESS\" > \"${SCRIPT_OUTPUT_FILE_0}\"\n";
			showEnvVarsInLog = 0;
		};
		569EF5E86FFDE6C2F1E92229 /* [CP] Embed Pods Frameworks */ = {
			isa = PBXShellScriptBuildPhase;
			buildActionMask = 2147483647;
			files = (
			);
			inputFileListPaths = (
				"${PODS_ROOT}/Target Support Files/Pods-deer/Pods-deer-frameworks-${CONFIGURATION}-input-files.xcfilelist",
			);
			name = "[CP] Embed Pods Frameworks";
			outputFileListPaths = (
				"${PODS_ROOT}/Target Support Files/Pods-deer/Pods-deer-frameworks-${CONFIGURATION}-output-files.xcfilelist",
			);
			runOnlyForDeploymentPostprocessing = 0;
			shellPath = /bin/sh;
			shellScript = "\"${PODS_ROOT}/Target Support Files/Pods-deer/Pods-deer-frameworks.sh\"\n";
			showEnvVarsInLog = 0;
		};
/* End PBXShellScriptBuildPhase section */

/* Begin PBXSourcesBuildPhase section */
		9E6CA5E3231B3D250084A38C /* Sources */ = {
			isa = PBXSourcesBuildPhase;
			buildActionMask = 2147483647;
			files = (
				9E6CA60B231B47360084A38C /* SlateScooter.swift in Sources */,
				9E6CA5ED231B3D250084A38C /* ViewController.swift in Sources */,
				9E6CA607231B45DD0084A38C /* Scooter+CoreDataClass.swift in Sources */,
				9E6CA608231B45DD0084A38C /* Scooter+CoreDataProperties.swift in Sources */,
				9E6CA5EB231B3D250084A38C /* AppDelegate.swift in Sources */,
				9E6CA5F3231B3D250084A38C /* deer.xcdatamodeld in Sources */,
				9E6CA600231B41D90084A38C /* Slate.swift in Sources */,
			);
			runOnlyForDeploymentPostprocessing = 0;
		};
/* End PBXSourcesBuildPhase section */

/* Begin PBXVariantGroup section */
		9E6CA5EE231B3D250084A38C /* Main.storyboard */ = {
			isa = PBXVariantGroup;
			children = (
				9E6CA5EF231B3D250084A38C /* Base */,
			);
			name = Main.storyboard;
			sourceTree = "<group>";
		};
		9E6CA5F6231B3D260084A38C /* LaunchScreen.storyboard */ = {
			isa = PBXVariantGroup;
			children = (
				9E6CA5F7231B3D260084A38C /* Base */,
			);
			name = LaunchScreen.storyboard;
			sourceTree = "<group>";
		};
/* End PBXVariantGroup section */

/* Begin XCBuildConfiguration section */
		9E6CA5FA231B3D260084A38C /* Debug */ = {
			isa = XCBuildConfiguration;
			buildSettings = {
				ALWAYS_SEARCH_USER_PATHS = NO;
				CLANG_ANALYZER_NONNULL = YES;
				CLANG_ANALYZER_NUMBER_OBJECT_CONVERSION = YES_AGGRESSIVE;
				CLANG_CXX_LANGUAGE_STANDARD = "gnu++14";
				CLANG_CXX_LIBRARY = "libc++";
				CLANG_ENABLE_MODULES = YES;
				CLANG_ENABLE_OBJC_ARC = YES;
				CLANG_ENABLE_OBJC_WEAK = YES;
				CLANG_WARN_BLOCK_CAPTURE_AUTORELEASING = YES;
				CLANG_WARN_BOOL_CONVERSION = YES;
				CLANG_WARN_COMMA = YES;
				CLANG_WARN_CONSTANT_CONVERSION = YES;
				CLANG_WARN_DEPRECATED_OBJC_IMPLEMENTATIONS = YES;
				CLANG_WARN_DIRECT_OBJC_ISA_USAGE = YES_ERROR;
				CLANG_WARN_DOCUMENTATION_COMMENTS = YES;
				CLANG_WARN_EMPTY_BODY = YES;
				CLANG_WARN_ENUM_CONVERSION = YES;
				CLANG_WARN_INFINITE_RECURSION = YES;
				CLANG_WARN_INT_CONVERSION = YES;
				CLANG_WARN_NON_LITERAL_NULL_CONVERSION = YES;
				CLANG_WARN_OBJC_IMPLICIT_RETAIN_SELF = YES;
				CLANG_WARN_OBJC_LITERAL_CONVERSION = YES;
				CLANG_WARN_OBJC_ROOT_CLASS = YES_ERROR;
				CLANG_WARN_RANGE_LOOP_ANALYSIS = YES;
				CLANG_WARN_STRICT_PROTOTYPES = YES;
				CLANG_WARN_SUSPICIOUS_MOVE = YES;
				CLANG_WARN_UNGUARDED_AVAILABILITY = YES_AGGRESSIVE;
				CLANG_WARN_UNREACHABLE_CODE = YES;
				CLANG_WARN__DUPLICATE_METHOD_MATCH = YES;
				CODE_SIGN_IDENTITY = "iPhone Developer";
				COPY_PHASE_STRIP = NO;
				DEBUG_INFORMATION_FORMAT = dwarf;
				ENABLE_STRICT_OBJC_MSGSEND = YES;
				ENABLE_TESTABILITY = YES;
				GCC_C_LANGUAGE_STANDARD = gnu11;
				GCC_DYNAMIC_NO_PIC = NO;
				GCC_NO_COMMON_BLOCKS = YES;
				GCC_OPTIMIZATION_LEVEL = 0;
				GCC_PREPROCESSOR_DEFINITIONS = (
					"DEBUG=1",
					"$(inherited)",
				);
				GCC_WARN_64_TO_32_BIT_CONVERSION = YES;
				GCC_WARN_ABOUT_RETURN_TYPE = YES_ERROR;
				GCC_WARN_UNDECLARED_SELECTOR = YES;
				GCC_WARN_UNINITIALIZED_AUTOS = YES_AGGRESSIVE;
				GCC_WARN_UNUSED_FUNCTION = YES;
				GCC_WARN_UNUSED_VARIABLE = YES;
				IPHONEOS_DEPLOYMENT_TARGET = 12.4;
				MTL_ENABLE_DEBUG_INFO = INCLUDE_SOURCE;
				MTL_FAST_MATH = YES;
				ONLY_ACTIVE_ARCH = YES;
				SDKROOT = iphoneos;
				SWIFT_ACTIVE_COMPILATION_CONDITIONS = DEBUG;
				SWIFT_OPTIMIZATION_LEVEL = "-Onone";
			};
			name = Debug;
		};
		9E6CA5FB231B3D260084A38C /* Release */ = {
			isa = XCBuildConfiguration;
			buildSettings = {
				ALWAYS_SEARCH_USER_PATHS = NO;
				CLANG_ANALYZER_NONNULL = YES;
				CLANG_ANALYZER_NUMBER_OBJECT_CONVERSION = YES_AGGRESSIVE;
				CLANG_CXX_LANGUAGE_STANDARD = "gnu++14";
				CLANG_CXX_LIBRARY = "libc++";
				CLANG_ENABLE_MODULES = YES;
				CLANG_ENABLE_OBJC_ARC = YES;
				CLANG_ENABLE_OBJC_WEAK = YES;
				CLANG_WARN_BLOCK_CAPTURE_AUTORELEASING = YES;
				CLANG_WARN_BOOL_CONVERSION = YES;
				CLANG_WARN_COMMA = YES;
				CLANG_WARN_CONSTANT_CONVERSION = YES;
				CLANG_WARN_DEPRECATED_OBJC_IMPLEMENTATIONS = YES;
				CLANG_WARN_DIRECT_OBJC_ISA_USAGE = YES_ERROR;
				CLANG_WARN_DOCUMENTATION_COMMENTS = YES;
				CLANG_WARN_EMPTY_BODY = YES;
				CLANG_WARN_ENUM_CONVERSION = YES;
				CLANG_WARN_INFINITE_RECURSION = YES;
				CLANG_WARN_INT_CONVERSION = YES;
				CLANG_WARN_NON_LITERAL_NULL_CONVERSION = YES;
				CLANG_WARN_OBJC_IMPLICIT_RETAIN_SELF = YES;
				CLANG_WARN_OBJC_LITERAL_CONVERSION = YES;
				CLANG_WARN_OBJC_ROOT_CLASS = YES_ERROR;
				CLANG_WARN_RANGE_LOOP_ANALYSIS = YES;
				CLANG_WARN_STRICT_PROTOTYPES = YES;
				CLANG_WARN_SUSPICIOUS_MOVE = YES;
				CLANG_WARN_UNGUARDED_AVAILABILITY = YES_AGGRESSIVE;
				CLANG_WARN_UNREACHABLE_CODE = YES;
				CLANG_WARN__DUPLICATE_METHOD_MATCH = YES;
				CODE_SIGN_IDENTITY = "iPhone Developer";
				COPY_PHASE_STRIP = NO;
				DEBUG_INFORMATION_FORMAT = "dwarf-with-dsym";
				ENABLE_NS_ASSERTIONS = NO;
				ENABLE_STRICT_OBJC_MSGSEND = YES;
				GCC_C_LANGUAGE_STANDARD = gnu11;
				GCC_NO_COMMON_BLOCKS = YES;
				GCC_WARN_64_TO_32_BIT_CONVERSION = YES;
				GCC_WARN_ABOUT_RETURN_TYPE = YES_ERROR;
				GCC_WARN_UNDECLARED_SELECTOR = YES;
				GCC_WARN_UNINITIALIZED_AUTOS = YES_AGGRESSIVE;
				GCC_WARN_UNUSED_FUNCTION = YES;
				GCC_WARN_UNUSED_VARIABLE = YES;
				IPHONEOS_DEPLOYMENT_TARGET = 12.4;
				MTL_ENABLE_DEBUG_INFO = NO;
				MTL_FAST_MATH = YES;
				SDKROOT = iphoneos;
				SWIFT_COMPILATION_MODE = wholemodule;
				SWIFT_OPTIMIZATION_LEVEL = "-O";
				VALIDATE_PRODUCT = YES;
			};
			name = Release;
		};
		9E6CA5FD231B3D260084A38C /* Debug */ = {
			isa = XCBuildConfiguration;
			baseConfigurationReference = 4B3991ECD7554A25A669DBFF /* Pods-deer.debug.xcconfig */;
			buildSettings = {
				ASSETCATALOG_COMPILER_APPICON_NAME = AppIcon;
				CODE_SIGN_STYLE = Automatic;
				DEVELOPMENT_TEAM = 5K99777NES;
				INFOPLIST_FILE = deer/Info.plist;
				LD_RUNPATH_SEARCH_PATHS = (
					"$(inherited)",
					"@executable_path/Frameworks",
				);
				PRODUCT_BUNDLE_IDENTIFIER = com.kiloloco.deer;
				PRODUCT_NAME = "$(TARGET_NAME)";
				SWIFT_VERSION = 5.0;
				TARGETED_DEVICE_FAMILY = "1,2";
			};
			name = Debug;
		};
		9E6CA5FE231B3D260084A38C /* Release */ = {
			isa = XCBuildConfiguration;
			baseConfigurationReference = B1C573EC570419F767C77900 /* Pods-deer.release.xcconfig */;
			buildSettings = {
				ASSETCATALOG_COMPILER_APPICON_NAME = AppIcon;
				CODE_SIGN_STYLE = Automatic;
				DEVELOPMENT_TEAM = 5K99777NES;
				INFOPLIST_FILE = deer/Info.plist;
				LD_RUNPATH_SEARCH_PATHS = (
					"$(inherited)",
					"@executable_path/Frameworks",
				);
				PRODUCT_BUNDLE_IDENTIFIER = com.kiloloco.deer;
				PRODUCT_NAME = "$(TARGET_NAME)";
				SWIFT_VERSION = 5.0;
				TARGETED_DEVICE_FAMILY = "1,2";
			};
			name = Release;
		};
/* End XCBuildConfiguration section */

/* Begin XCConfigurationList section */
		9E6CA5E2231B3D250084A38C /* Build configuration list for PBXProject "deer" */ = {
			isa = XCConfigurationList;
			buildConfigurations = (
				9E6CA5FA231B3D260084A38C /* Debug */,
				9E6CA5FB231B3D260084A38C /* Release */,
			);
			defaultConfigurationIsVisible = 0;
			defaultConfigurationName = Release;
		};
		9E6CA5FC231B3D260084A38C /* Build configuration list for PBXNativeTarget "deer" */ = {
			isa = XCConfigurationList;
			buildConfigurations = (
				9E6CA5FD231B3D260084A38C /* Debug */,
				9E6CA5FE231B3D260084A38C /* Release */,
			);
			defaultConfigurationIsVisible = 0;
			defaultConfigurationName = Release;
		};
/* End XCConfigurationList section */

/* Begin XCVersionGroup section */
		9E6CA5F1231B3D250084A38C /* deer.xcdatamodeld */ = {
			isa = XCVersionGroup;
			children = (
				9E6CA5F2231B3D250084A38C /* deer.xcdatamodel */,
			);
			currentVersion = 9E6CA5F2231B3D250084A38C /* deer.xcdatamodel */;
			path = deer.xcdatamodeld;
			sourceTree = "<group>";
			versionGroupType = wrapper.xcdatamodel;
		};
/* End XCVersionGroup section */
	};
	rootObject = 9E6CA5DF231B3D250084A38C /* Project object */;
}
