// !$*UTF8*$!
{
	archiveVersion = 1;
	classes = {
	};
	objectVersion = 51;
	objects = {

/* Begin PBXBuildFile section */
		9378A665E3B57A64DA34254D /* Pods_deer.framework in Frameworks */ = {isa = PBXBuildFile; fileRef = D7ABBEFE813B6A21DF97700D /* Pods_deer.framework */; };
		9E2FC404231CD7C80093E858 /* ScooterMapView.swift in Sources */ = {isa = PBXBuildFile; fileRef = 9E2FC403231CD7C80093E858 /* ScooterMapView.swift */; };
		9E2FC406231CDC700093E858 /* CircleButton.swift in Sources */ = {isa = PBXBuildFile; fileRef = 9E2FC405231CDC700093E858 /* CircleButton.swift */; };
		9E2FC408231CF2DC0093E858 /* MainFactory.swift in Sources */ = {isa = PBXBuildFile; fileRef = 9E2FC407231CF2DC0093E858 /* MainFactory.swift */; };
		9E2FC40C231CF6140093E858 /* AuthCoordinatorInterface.swift in Sources */ = {isa = PBXBuildFile; fileRef = 9E2FC40B231CF6140093E858 /* AuthCoordinatorInterface.swift */; };
		9E2FC40F231CF8490093E858 /* SessionCoordinatorInterface.swift in Sources */ = {isa = PBXBuildFile; fileRef = 9E2FC40E231CF8490093E858 /* SessionCoordinatorInterface.swift */; };
		9E2FC411231CFA4F0093E858 /* UserInterface.swift in Sources */ = {isa = PBXBuildFile; fileRef = 9E2FC410231CFA4F0093E858 /* UserInterface.swift */; };
		9E2FC413231D0C150093E858 /* KeyboardService.swift in Sources */ = {isa = PBXBuildFile; fileRef = 9E2FC412231D0C150093E858 /* KeyboardService.swift */; };
		9E2FC415231D6DCF0093E858 /* AuthFactory.swift in Sources */ = {isa = PBXBuildFile; fileRef = 9E2FC414231D6DCF0093E858 /* AuthFactory.swift */; };
		9E2FC417231D6F250093E858 /* KeyboardServiceInterface.swift in Sources */ = {isa = PBXBuildFile; fileRef = 9E2FC416231D6F250093E858 /* KeyboardServiceInterface.swift */; };
		9E2FC41C231D75570093E858 /* EmailEntryViewModel.swift in Sources */ = {isa = PBXBuildFile; fileRef = 9E2FC41B231D75570093E858 /* EmailEntryViewModel.swift */; };
		9E2FCAA4231DE7670093E858 /* NetworkingService.swift in Sources */ = {isa = PBXBuildFile; fileRef = 9E2FCAA3231DE7670093E858 /* NetworkingService.swift */; };
		9E2FCAA6231DED290093E858 /* AuthService.swift in Sources */ = {isa = PBXBuildFile; fileRef = 9E2FCAA5231DED290093E858 /* AuthService.swift */; };
		9E2FCAAA231DF1F20093E858 /* NetworkingServiceInterface.swift in Sources */ = {isa = PBXBuildFile; fileRef = 9E2FCAA9231DF1F20093E858 /* NetworkingServiceInterface.swift */; };
		9E2FCAAC231E17950093E858 /* ScooterService.swift in Sources */ = {isa = PBXBuildFile; fileRef = 9E2FCAAB231E17950093E858 /* ScooterService.swift */; };
		9E2FCAD6231E24A70093E858 /* Location.swift in Sources */ = {isa = PBXBuildFile; fileRef = 9E2FCAD5231E24A70093E858 /* Location.swift */; };
		9E2FCAD9231E25F40093E858 /* Scooter+CoreDataClass.swift in Sources */ = {isa = PBXBuildFile; fileRef = 9E2FCAD7231E25F40093E858 /* Scooter+CoreDataClass.swift */; };
		9E2FCADA231E25F40093E858 /* Scooter+CoreDataProperties.swift in Sources */ = {isa = PBXBuildFile; fileRef = 9E2FCAD8231E25F40093E858 /* Scooter+CoreDataProperties.swift */; };
		9E2FCADC231E26210093E858 /* SlateScooter.swift in Sources */ = {isa = PBXBuildFile; fileRef = 9E2FCADB231E26200093E858 /* SlateScooter.swift */; };
		9E2FCADE231E2BB20093E858 /* SessionFactory.swift in Sources */ = {isa = PBXBuildFile; fileRef = 9E2FCADD231E2BB20093E858 /* SessionFactory.swift */; };
		9E2FCAE0231E348E0093E858 /* DataStore.swift in Sources */ = {isa = PBXBuildFile; fileRef = 9E2FCADF231E348E0093E858 /* DataStore.swift */; };
		9E2FCAE2231E34AD0093E858 /* DataStoreInterface.swift in Sources */ = {isa = PBXBuildFile; fileRef = 9E2FCAE1231E34AD0093E858 /* DataStoreInterface.swift */; };
		9E2FCAE4231E353A0093E858 /* PersistenceServiceInterface.swift in Sources */ = {isa = PBXBuildFile; fileRef = 9E2FCAE3231E353A0093E858 /* PersistenceServiceInterface.swift */; };
		9E6CA5EB231B3D250084A38C /* AppDelegate.swift in Sources */ = {isa = PBXBuildFile; fileRef = 9E6CA5EA231B3D250084A38C /* AppDelegate.swift */; };
		9E6CA5F3231B3D250084A38C /* deer.xcdatamodeld in Sources */ = {isa = PBXBuildFile; fileRef = 9E6CA5F1231B3D250084A38C /* deer.xcdatamodeld */; };
		9E6CA5F5231B3D260084A38C /* Assets.xcassets in Resources */ = {isa = PBXBuildFile; fileRef = 9E6CA5F4231B3D260084A38C /* Assets.xcassets */; };
		9E6CA5F8231B3D260084A38C /* LaunchScreen.storyboard in Resources */ = {isa = PBXBuildFile; fileRef = 9E6CA5F6231B3D260084A38C /* LaunchScreen.storyboard */; };
		9E6CA600231B41D90084A38C /* Slate.swift in Sources */ = {isa = PBXBuildFile; fileRef = 9E6CA5FF231B41D90084A38C /* Slate.swift */; };
		9E6CA610231C727E0084A38C /* AppCoordinator.swift in Sources */ = {isa = PBXBuildFile; fileRef = 9E6CA60F231C727E0084A38C /* AppCoordinator.swift */; };
		9E6CA612231C737B0084A38C /* InitialViewController.swift in Sources */ = {isa = PBXBuildFile; fileRef = 9E6CA611231C737B0084A38C /* InitialViewController.swift */; };
		9E6CA614231C73CA0084A38C /* SessionCoordinator.swift in Sources */ = {isa = PBXBuildFile; fileRef = 9E6CA613231C73CA0084A38C /* SessionCoordinator.swift */; };
		9E6CA616231C74800084A38C /* CoreDataService.swift in Sources */ = {isa = PBXBuildFile; fileRef = 9E6CA615231C74800084A38C /* CoreDataService.swift */; };
		9E6CA61D231C75E30084A38C /* ScooterMapViewController.swift in Sources */ = {isa = PBXBuildFile; fileRef = 9E6CA61C231C75E30084A38C /* ScooterMapViewController.swift */; };
		9E6CA622231C79930084A38C /* Coordinator.swift in Sources */ = {isa = PBXBuildFile; fileRef = 9E6CA621231C79930084A38C /* Coordinator.swift */; };
		9E6CA625231C7A8B0084A38C /* ArrayExtensions.swift in Sources */ = {isa = PBXBuildFile; fileRef = 9E6CA624231C7A8B0084A38C /* ArrayExtensions.swift */; };
		9E6CA628231C7B8C0084A38C /* MapCoordinator.swift in Sources */ = {isa = PBXBuildFile; fileRef = 9E6CA627231C7B8C0084A38C /* MapCoordinator.swift */; };
		9E6CA62B231C7D7F0084A38C /* ScooterListViewController.swift in Sources */ = {isa = PBXBuildFile; fileRef = 9E6CA62A231C7D7F0084A38C /* ScooterListViewController.swift */; };
		9E6CA62E231C7DE20084A38C /* ListCoordinator.swift in Sources */ = {isa = PBXBuildFile; fileRef = 9E6CA62D231C7DE20084A38C /* ListCoordinator.swift */; };
		9E6CA630231C82470084A38C /* UITabBarControllerExtensions.swift in Sources */ = {isa = PBXBuildFile; fileRef = 9E6CA62F231C82470084A38C /* UITabBarControllerExtensions.swift */; };
		9E6CA635231C85800084A38C /* EmailEntryViewController.swift in Sources */ = {isa = PBXBuildFile; fileRef = 9E6CA634231C85800084A38C /* EmailEntryViewController.swift */; };
		9E6CA639231C85AA0084A38C /* EmailEntryView.swift in Sources */ = {isa = PBXBuildFile; fileRef = 9E6CA638231C85AA0084A38C /* EmailEntryView.swift */; };
		9E6CA63B231C87090084A38C /* UnderlinedTextField.swift in Sources */ = {isa = PBXBuildFile; fileRef = 9E6CA63A231C87090084A38C /* UnderlinedTextField.swift */; };
		9E6CA63D231C9BF10084A38C /* UIColorExtensions.swift in Sources */ = {isa = PBXBuildFile; fileRef = 9E6CA63C231C9BF10084A38C /* UIColorExtensions.swift */; };
		9E6CA63F231CA3190084A38C /* AuthCoordinator.swift in Sources */ = {isa = PBXBuildFile; fileRef = 9E6CA63E231CA3190084A38C /* AuthCoordinator.swift */; };
		9E6CA641231CA8210084A38C /* User.swift in Sources */ = {isa = PBXBuildFile; fileRef = 9E6CA640231CA8210084A38C /* User.swift */; };
		9E6CA643231CA8530084A38C /* Email.swift in Sources */ = {isa = PBXBuildFile; fileRef = 9E6CA642231CA8530084A38C /* Email.swift */; };
		9E6CA645231CBAFA0084A38C /* UIViewExtensions.swift in Sources */ = {isa = PBXBuildFile; fileRef = 9E6CA644231CBAFA0084A38C /* UIViewExtensions.swift */; };
/* End PBXBuildFile section */

/* Begin PBXFileReference section */
		4B3991ECD7554A25A669DBFF /* Pods-deer.debug.xcconfig */ = {isa = PBXFileReference; includeInIndex = 1; lastKnownFileType = text.xcconfig; name = "Pods-deer.debug.xcconfig"; path = "Target Support Files/Pods-deer/Pods-deer.debug.xcconfig"; sourceTree = "<group>"; };
		9E2FC403231CD7C80093E858 /* ScooterMapView.swift */ = {isa = PBXFileReference; lastKnownFileType = sourcecode.swift; path = ScooterMapView.swift; sourceTree = "<group>"; };
		9E2FC405231CDC700093E858 /* CircleButton.swift */ = {isa = PBXFileReference; lastKnownFileType = sourcecode.swift; path = CircleButton.swift; sourceTree = "<group>"; };
		9E2FC407231CF2DC0093E858 /* MainFactory.swift */ = {isa = PBXFileReference; lastKnownFileType = sourcecode.swift; path = MainFactory.swift; sourceTree = "<group>"; };
		9E2FC40B231CF6140093E858 /* AuthCoordinatorInterface.swift */ = {isa = PBXFileReference; lastKnownFileType = sourcecode.swift; path = AuthCoordinatorInterface.swift; sourceTree = "<group>"; };
		9E2FC40E231CF8490093E858 /* SessionCoordinatorInterface.swift */ = {isa = PBXFileReference; lastKnownFileType = sourcecode.swift; path = SessionCoordinatorInterface.swift; sourceTree = "<group>"; };
		9E2FC410231CFA4F0093E858 /* UserInterface.swift */ = {isa = PBXFileReference; lastKnownFileType = sourcecode.swift; path = UserInterface.swift; sourceTree = "<group>"; };
		9E2FC412231D0C150093E858 /* KeyboardService.swift */ = {isa = PBXFileReference; lastKnownFileType = sourcecode.swift; path = KeyboardService.swift; sourceTree = "<group>"; };
		9E2FC414231D6DCF0093E858 /* AuthFactory.swift */ = {isa = PBXFileReference; lastKnownFileType = sourcecode.swift; path = AuthFactory.swift; sourceTree = "<group>"; };
		9E2FC416231D6F250093E858 /* KeyboardServiceInterface.swift */ = {isa = PBXFileReference; lastKnownFileType = sourcecode.swift; path = KeyboardServiceInterface.swift; sourceTree = "<group>"; };
		9E2FC41B231D75570093E858 /* EmailEntryViewModel.swift */ = {isa = PBXFileReference; lastKnownFileType = sourcecode.swift; path = EmailEntryViewModel.swift; sourceTree = "<group>"; };
		9E2FCAA3231DE7670093E858 /* NetworkingService.swift */ = {isa = PBXFileReference; lastKnownFileType = sourcecode.swift; path = NetworkingService.swift; sourceTree = "<group>"; };
		9E2FCAA5231DED290093E858 /* AuthService.swift */ = {isa = PBXFileReference; lastKnownFileType = sourcecode.swift; path = AuthService.swift; sourceTree = "<group>"; };
		9E2FCAA9231DF1F20093E858 /* NetworkingServiceInterface.swift */ = {isa = PBXFileReference; lastKnownFileType = sourcecode.swift; path = NetworkingServiceInterface.swift; sourceTree = "<group>"; };
		9E2FCAAB231E17950093E858 /* ScooterService.swift */ = {isa = PBXFileReference; lastKnownFileType = sourcecode.swift; path = ScooterService.swift; sourceTree = "<group>"; };
		9E2FCAD5231E24A70093E858 /* Location.swift */ = {isa = PBXFileReference; lastKnownFileType = sourcecode.swift; path = Location.swift; sourceTree = "<group>"; };
		9E2FCAD7231E25F40093E858 /* Scooter+CoreDataClass.swift */ = {isa = PBXFileReference; lastKnownFileType = sourcecode.swift; path = "Scooter+CoreDataClass.swift"; sourceTree = "<group>"; };
		9E2FCAD8231E25F40093E858 /* Scooter+CoreDataProperties.swift */ = {isa = PBXFileReference; lastKnownFileType = sourcecode.swift; path = "Scooter+CoreDataProperties.swift"; sourceTree = "<group>"; };
		9E2FCADB231E26200093E858 /* SlateScooter.swift */ = {isa = PBXFileReference; fileEncoding = 4; lastKnownFileType = sourcecode.swift; path = SlateScooter.swift; sourceTree = "<group>"; };
		9E2FCADD231E2BB20093E858 /* SessionFactory.swift */ = {isa = PBXFileReference; lastKnownFileType = sourcecode.swift; path = SessionFactory.swift; sourceTree = "<group>"; };
		9E2FCADF231E348E0093E858 /* DataStore.swift */ = {isa = PBXFileReference; lastKnownFileType = sourcecode.swift; path = DataStore.swift; sourceTree = "<group>"; };
		9E2FCAE1231E34AD0093E858 /* DataStoreInterface.swift */ = {isa = PBXFileReference; lastKnownFileType = sourcecode.swift; path = DataStoreInterface.swift; sourceTree = "<group>"; };
		9E2FCAE3231E353A0093E858 /* PersistenceServiceInterface.swift */ = {isa = PBXFileReference; lastKnownFileType = sourcecode.swift; path = PersistenceServiceInterface.swift; sourceTree = "<group>"; };
		9E6CA5E7231B3D250084A38C /* deer.app */ = {isa = PBXFileReference; explicitFileType = wrapper.application; includeInIndex = 0; path = deer.app; sourceTree = BUILT_PRODUCTS_DIR; };
		9E6CA5EA231B3D250084A38C /* AppDelegate.swift */ = {isa = PBXFileReference; lastKnownFileType = sourcecode.swift; path = AppDelegate.swift; sourceTree = "<group>"; };
		9E6CA5F2231B3D250084A38C /* deer.xcdatamodel */ = {isa = PBXFileReference; lastKnownFileType = wrapper.xcdatamodel; path = deer.xcdatamodel; sourceTree = "<group>"; };
		9E6CA5F4231B3D260084A38C /* Assets.xcassets */ = {isa = PBXFileReference; lastKnownFileType = folder.assetcatalog; path = Assets.xcassets; sourceTree = "<group>"; };
		9E6CA5F7231B3D260084A38C /* Base */ = {isa = PBXFileReference; lastKnownFileType = file.storyboard; name = Base; path = Base.lproj/LaunchScreen.storyboard; sourceTree = "<group>"; };
		9E6CA5F9231B3D260084A38C /* Info.plist */ = {isa = PBXFileReference; lastKnownFileType = text.plist.xml; path = Info.plist; sourceTree = "<group>"; };
		9E6CA5FF231B41D90084A38C /* Slate.swift */ = {isa = PBXFileReference; lastKnownFileType = sourcecode.swift; path = Slate.swift; sourceTree = "<group>"; };
		9E6CA60F231C727E0084A38C /* AppCoordinator.swift */ = {isa = PBXFileReference; lastKnownFileType = sourcecode.swift; path = AppCoordinator.swift; sourceTree = "<group>"; };
		9E6CA611231C737B0084A38C /* InitialViewController.swift */ = {isa = PBXFileReference; lastKnownFileType = sourcecode.swift; path = InitialViewController.swift; sourceTree = "<group>"; };
		9E6CA613231C73CA0084A38C /* SessionCoordinator.swift */ = {isa = PBXFileReference; lastKnownFileType = sourcecode.swift; path = SessionCoordinator.swift; sourceTree = "<group>"; };
		9E6CA615231C74800084A38C /* CoreDataService.swift */ = {isa = PBXFileReference; lastKnownFileType = sourcecode.swift; path = CoreDataService.swift; sourceTree = "<group>"; };
		9E6CA61C231C75E30084A38C /* ScooterMapViewController.swift */ = {isa = PBXFileReference; lastKnownFileType = sourcecode.swift; path = ScooterMapViewController.swift; sourceTree = "<group>"; };
		9E6CA621231C79930084A38C /* Coordinator.swift */ = {isa = PBXFileReference; lastKnownFileType = sourcecode.swift; path = Coordinator.swift; sourceTree = "<group>"; };
		9E6CA624231C7A8B0084A38C /* ArrayExtensions.swift */ = {isa = PBXFileReference; lastKnownFileType = sourcecode.swift; path = ArrayExtensions.swift; sourceTree = "<group>"; };
		9E6CA627231C7B8C0084A38C /* MapCoordinator.swift */ = {isa = PBXFileReference; lastKnownFileType = sourcecode.swift; path = MapCoordinator.swift; sourceTree = "<group>"; };
		9E6CA62A231C7D7F0084A38C /* ScooterListViewController.swift */ = {isa = PBXFileReference; lastKnownFileType = sourcecode.swift; path = ScooterListViewController.swift; sourceTree = "<group>"; };
		9E6CA62D231C7DE20084A38C /* ListCoordinator.swift */ = {isa = PBXFileReference; lastKnownFileType = sourcecode.swift; path = ListCoordinator.swift; sourceTree = "<group>"; };
		9E6CA62F231C82470084A38C /* UITabBarControllerExtensions.swift */ = {isa = PBXFileReference; lastKnownFileType = sourcecode.swift; path = UITabBarControllerExtensions.swift; sourceTree = "<group>"; };
		9E6CA634231C85800084A38C /* EmailEntryViewController.swift */ = {isa = PBXFileReference; lastKnownFileType = sourcecode.swift; path = EmailEntryViewController.swift; sourceTree = "<group>"; };
		9E6CA638231C85AA0084A38C /* EmailEntryView.swift */ = {isa = PBXFileReference; lastKnownFileType = sourcecode.swift; path = EmailEntryView.swift; sourceTree = "<group>"; };
		9E6CA63A231C87090084A38C /* UnderlinedTextField.swift */ = {isa = PBXFileReference; lastKnownFileType = sourcecode.swift; path = UnderlinedTextField.swift; sourceTree = "<group>"; };
		9E6CA63C231C9BF10084A38C /* UIColorExtensions.swift */ = {isa = PBXFileReference; lastKnownFileType = sourcecode.swift; path = UIColorExtensions.swift; sourceTree = "<group>"; };
		9E6CA63E231CA3190084A38C /* AuthCoordinator.swift */ = {isa = PBXFileReference; lastKnownFileType = sourcecode.swift; path = AuthCoordinator.swift; sourceTree = "<group>"; };
		9E6CA640231CA8210084A38C /* User.swift */ = {isa = PBXFileReference; lastKnownFileType = sourcecode.swift; path = User.swift; sourceTree = "<group>"; };
		9E6CA642231CA8530084A38C /* Email.swift */ = {isa = PBXFileReference; lastKnownFileType = sourcecode.swift; path = Email.swift; sourceTree = "<group>"; };
		9E6CA644231CBAFA0084A38C /* UIViewExtensions.swift */ = {isa = PBXFileReference; lastKnownFileType = sourcecode.swift; path = UIViewExtensions.swift; sourceTree = "<group>"; };
		B1C573EC570419F767C77900 /* Pods-deer.release.xcconfig */ = {isa = PBXFileReference; includeInIndex = 1; lastKnownFileType = text.xcconfig; name = "Pods-deer.release.xcconfig"; path = "Target Support Files/Pods-deer/Pods-deer.release.xcconfig"; sourceTree = "<group>"; };
		D7ABBEFE813B6A21DF97700D /* Pods_deer.framework */ = {isa = PBXFileReference; explicitFileType = wrapper.framework; includeInIndex = 0; path = Pods_deer.framework; sourceTree = BUILT_PRODUCTS_DIR; };
/* End PBXFileReference section */

/* Begin PBXFrameworksBuildPhase section */
		9E6CA5E4231B3D250084A38C /* Frameworks */ = {
			isa = PBXFrameworksBuildPhase;
			buildActionMask = 2147483647;
			files = (
				9378A665E3B57A64DA34254D /* Pods_deer.framework in Frameworks */,
			);
			runOnlyForDeploymentPostprocessing = 0;
		};
/* End PBXFrameworksBuildPhase section */

/* Begin PBXGroup section */
		9817C866FBB45265B7B2BF43 /* Frameworks */ = {
			isa = PBXGroup;
			children = (
				D7ABBEFE813B6A21DF97700D /* Pods_deer.framework */,
			);
			name = Frameworks;
			sourceTree = "<group>";
		};
		9E2FC402231CD7B30093E858 /* Views */ = {
			isa = PBXGroup;
			children = (
				9E2FC403231CD7C80093E858 /* ScooterMapView.swift */,
			);
			path = Views;
			sourceTree = "<group>";
		};
		9E2FC409231CF5D20093E858 /* Protocols */ = {
			isa = PBXGroup;
			children = (
				9E2FC410231CFA4F0093E858 /* UserInterface.swift */,
				9E2FC416231D6F250093E858 /* KeyboardServiceInterface.swift */,
				9E2FCAA9231DF1F20093E858 /* NetworkingServiceInterface.swift */,
				9E2FCAE3231E353A0093E858 /* PersistenceServiceInterface.swift */,
			);
			path = Protocols;
			sourceTree = "<group>";
		};
		9E2FC40A231CF5F10093E858 /* Protocols */ = {
			isa = PBXGroup;
			children = (
				9E2FC40B231CF6140093E858 /* AuthCoordinatorInterface.swift */,
			);
			path = Protocols;
			sourceTree = "<group>";
		};
		9E2FC40D231CF82B0093E858 /* Protocols */ = {
			isa = PBXGroup;
			children = (
				9E2FC40E231CF8490093E858 /* SessionCoordinatorInterface.swift */,
				9E2FCAE1231E34AD0093E858 /* DataStoreInterface.swift */,
			);
			path = Protocols;
			sourceTree = "<group>";
		};
		9E2FC41A231D75360093E858 /* ViewModels */ = {
			isa = PBXGroup;
			children = (
				9E2FC41B231D75570093E858 /* EmailEntryViewModel.swift */,
			);
			path = ViewModels;
			sourceTree = "<group>";
		};
		9E6CA5DE231B3D250084A38C = {
			isa = PBXGroup;
			children = (
				9E6CA5E9231B3D250084A38C /* deer */,
				9E6CA5E8231B3D250084A38C /* Products */,
				EDD7D82EE59CD0B665EE90C2 /* Pods */,
				9817C866FBB45265B7B2BF43 /* Frameworks */,
			);
			sourceTree = "<group>";
		};
		9E6CA5E8231B3D250084A38C /* Products */ = {
			isa = PBXGroup;
			children = (
				9E6CA5E7231B3D250084A38C /* deer.app */,
			);
			name = Products;
			sourceTree = "<group>";
		};
		9E6CA5E9231B3D250084A38C /* deer */ = {
			isa = PBXGroup;
			children = (
				9E6CA60E231C71300084A38C /* App */,
				9E6CA60C231C71110084A38C /* Auth */,
				9E6CA60D231C71180084A38C /* Session */,
			);
			path = deer;
			sourceTree = "<group>";
		};
		9E6CA60C231C71110084A38C /* Auth */ = {
			isa = PBXGroup;
			children = (
				9E6CA633231C84FC0084A38C /* View */,
				9E6CA632231C84DC0084A38C /* Controller */,
				9E2FC41A231D75360093E858 /* ViewModels */,
				9E6CA631231C84D30084A38C /* Services */,
				9E2FC40A231CF5F10093E858 /* Protocols */,
			);
			path = Auth;
			sourceTree = "<group>";
		};
		9E6CA60D231C71180084A38C /* Session */ = {
			isa = PBXGroup;
			children = (
				9E6CA61F231C77CB0084A38C /* Map */,
				9E6CA620231C77DF0084A38C /* List */,
				9E6CA61E231C769A0084A38C /* Services */,
				9E2FC40D231CF82B0093E858 /* Protocols */,
			);
			path = Session;
			sourceTree = "<group>";
		};
		9E6CA60E231C71300084A38C /* App */ = {
			isa = PBXGroup;
			children = (
				9E6CA5F9231B3D260084A38C /* Info.plist */,
				9E6CA618231C75050084A38C /* Models */,
				9E6CA61A231C75420084A38C /* Views */,
				9E6CA619231C750C0084A38C /* Controllers */,
				9E6CA617231C74FD0084A38C /* Services */,
				9E2FC409231CF5D20093E858 /* Protocols */,
				9E6CA623231C7A690084A38C /* Extensions */,
			);
			path = App;
			sourceTree = "<group>";
		};
		9E6CA617231C74FD0084A38C /* Services */ = {
			isa = PBXGroup;
			children = (
				9E6CA5EA231B3D250084A38C /* AppDelegate.swift */,
				9E6CA60F231C727E0084A38C /* AppCoordinator.swift */,
				9E6CA615231C74800084A38C /* CoreDataService.swift */,
				9E6CA5FF231B41D90084A38C /* Slate.swift */,
				9E2FC407231CF2DC0093E858 /* MainFactory.swift */,
				9E2FC412231D0C150093E858 /* KeyboardService.swift */,
				9E2FCAA3231DE7670093E858 /* NetworkingService.swift */,
				9E2FCAA5231DED290093E858 /* AuthService.swift */,
			);
			path = Services;
			sourceTree = "<group>";
		};
		9E6CA618231C75050084A38C /* Models */ = {
			isa = PBXGroup;
			children = (
				9E2FCADB231E26200093E858 /* SlateScooter.swift */,
				9E2FCAD7231E25F40093E858 /* Scooter+CoreDataClass.swift */,
				9E2FCAD8231E25F40093E858 /* Scooter+CoreDataProperties.swift */,
				9E6CA5F1231B3D250084A38C /* deer.xcdatamodeld */,
				9E6CA621231C79930084A38C /* Coordinator.swift */,
				9E6CA640231CA8210084A38C /* User.swift */,
				9E6CA642231CA8530084A38C /* Email.swift */,
				9E2FCAD5231E24A70093E858 /* Location.swift */,
			);
			path = Models;
			sourceTree = "<group>";
		};
		9E6CA619231C750C0084A38C /* Controllers */ = {
			isa = PBXGroup;
			children = (
				9E6CA611231C737B0084A38C /* InitialViewController.swift */,
			);
			path = Controllers;
			sourceTree = "<group>";
		};
		9E6CA61A231C75420084A38C /* Views */ = {
			isa = PBXGroup;
			children = (
				9E6CA5F6231B3D260084A38C /* LaunchScreen.storyboard */,
				9E6CA5F4231B3D260084A38C /* Assets.xcassets */,
				9E6CA63A231C87090084A38C /* UnderlinedTextField.swift */,
				9E2FC405231CDC700093E858 /* CircleButton.swift */,
			);
			path = Views;
			sourceTree = "<group>";
		};
		9E6CA61B231C75BB0084A38C /* Controllers */ = {
			isa = PBXGroup;
			children = (
				9E6CA61C231C75E30084A38C /* ScooterMapViewController.swift */,
			);
			path = Controllers;
			sourceTree = "<group>";
		};
		9E6CA61E231C769A0084A38C /* Services */ = {
			isa = PBXGroup;
			children = (
				9E6CA613231C73CA0084A38C /* SessionCoordinator.swift */,
				9E2FCAAB231E17950093E858 /* ScooterService.swift */,
				9E2FCADD231E2BB20093E858 /* SessionFactory.swift */,
				9E2FCADF231E348E0093E858 /* DataStore.swift */,
			);
			path = Services;
			sourceTree = "<group>";
		};
		9E6CA61F231C77CB0084A38C /* Map */ = {
			isa = PBXGroup;
			children = (
				9E2FC402231CD7B30093E858 /* Views */,
				9E6CA61B231C75BB0084A38C /* Controllers */,
				9E6CA626231C7B570084A38C /* Services */,
			);
			path = Map;
			sourceTree = "<group>";
		};
		9E6CA620231C77DF0084A38C /* List */ = {
			isa = PBXGroup;
			children = (
				9E6CA629231C7D520084A38C /* Controllers */,
				9E6CA62C231C7DAC0084A38C /* Services */,
			);
			path = List;
			sourceTree = "<group>";
		};
		9E6CA623231C7A690084A38C /* Extensions */ = {
			isa = PBXGroup;
			children = (
				9E6CA624231C7A8B0084A38C /* ArrayExtensions.swift */,
				9E6CA62F231C82470084A38C /* UITabBarControllerExtensions.swift */,
				9E6CA63C231C9BF10084A38C /* UIColorExtensions.swift */,
				9E6CA644231CBAFA0084A38C /* UIViewExtensions.swift */,
			);
			path = Extensions;
			sourceTree = "<group>";
		};
		9E6CA626231C7B570084A38C /* Services */ = {
			isa = PBXGroup;
			children = (
				9E6CA627231C7B8C0084A38C /* MapCoordinator.swift */,
			);
			path = Services;
			sourceTree = "<group>";
		};
		9E6CA629231C7D520084A38C /* Controllers */ = {
			isa = PBXGroup;
			children = (
				9E6CA62A231C7D7F0084A38C /* ScooterListViewController.swift */,
			);
			path = Controllers;
			sourceTree = "<group>";
		};
		9E6CA62C231C7DAC0084A38C /* Services */ = {
			isa = PBXGroup;
			children = (
				9E6CA62D231C7DE20084A38C /* ListCoordinator.swift */,
			);
			path = Services;
			sourceTree = "<group>";
		};
		9E6CA631231C84D30084A38C /* Services */ = {
			isa = PBXGroup;
			children = (
				9E6CA63E231CA3190084A38C /* AuthCoordinator.swift */,
				9E2FC414231D6DCF0093E858 /* AuthFactory.swift */,
			);
			path = Services;
			sourceTree = "<group>";
		};
		9E6CA632231C84DC0084A38C /* Controller */ = {
			isa = PBXGroup;
			children = (
				9E6CA634231C85800084A38C /* EmailEntryViewController.swift */,
			);
			path = Controller;
			sourceTree = "<group>";
		};
		9E6CA633231C84FC0084A38C /* View */ = {
			isa = PBXGroup;
			children = (
				9E6CA638231C85AA0084A38C /* EmailEntryView.swift */,
			);
			path = View;
			sourceTree = "<group>";
		};
		EDD7D82EE59CD0B665EE90C2 /* Pods */ = {
			isa = PBXGroup;
			children = (
				4B3991ECD7554A25A669DBFF /* Pods-deer.debug.xcconfig */,
				B1C573EC570419F767C77900 /* Pods-deer.release.xcconfig */,
			);
			path = Pods;
			sourceTree = "<group>";
		};
/* End PBXGroup section */

/* Begin PBXNativeTarget section */
		9E6CA5E6231B3D250084A38C /* deer */ = {
			isa = PBXNativeTarget;
			buildConfigurationList = 9E6CA5FC231B3D260084A38C /* Build configuration list for PBXNativeTarget "deer" */;
			buildPhases = (
				15C5482842F0875874ADA753 /* [CP] Check Pods Manifest.lock */,
				9E6CA5E3231B3D250084A38C /* Sources */,
				9E6CA5E4231B3D250084A38C /* Frameworks */,
				9E6CA5E5231B3D250084A38C /* Resources */,
				569EF5E86FFDE6C2F1E92229 /* [CP] Embed Pods Frameworks */,
			);
			buildRules = (
			);
			dependencies = (
			);
			name = deer;
			productName = deer;
			productReference = 9E6CA5E7231B3D250084A38C /* deer.app */;
			productType = "com.apple.product-type.application";
		};
/* End PBXNativeTarget section */

/* Begin PBXProject section */
		9E6CA5DF231B3D250084A38C /* Project object */ = {
			isa = PBXProject;
			attributes = {
				LastSwiftUpdateCheck = 1030;
				LastUpgradeCheck = 1030;
				ORGANIZATIONNAME = "Kilo Loco";
				TargetAttributes = {
					9E6CA5E6231B3D250084A38C = {
						CreatedOnToolsVersion = 10.3;
					};
				};
			};
			buildConfigurationList = 9E6CA5E2231B3D250084A38C /* Build configuration list for PBXProject "deer" */;
			compatibilityVersion = "Xcode 9.3";
			developmentRegion = en;
			hasScannedForEncodings = 0;
			knownRegions = (
				en,
				Base,
			);
			mainGroup = 9E6CA5DE231B3D250084A38C;
			productRefGroup = 9E6CA5E8231B3D250084A38C /* Products */;
			projectDirPath = "";
			projectRoot = "";
			targets = (
				9E6CA5E6231B3D250084A38C /* deer */,
			);
		};
/* End PBXProject section */

/* Begin PBXResourcesBuildPhase section */
		9E6CA5E5231B3D250084A38C /* Resources */ = {
			isa = PBXResourcesBuildPhase;
			buildActionMask = 2147483647;
			files = (
				9E6CA5F8231B3D260084A38C /* LaunchScreen.storyboard in Resources */,
				9E6CA5F5231B3D260084A38C /* Assets.xcassets in Resources */,
			);
			runOnlyForDeploymentPostprocessing = 0;
		};
/* End PBXResourcesBuildPhase section */

/* Begin PBXShellScriptBuildPhase section */
		15C5482842F0875874ADA753 /* [CP] Check Pods Manifest.lock */ = {
			isa = PBXShellScriptBuildPhase;
			buildActionMask = 2147483647;
			files = (
			);
			inputFileListPaths = (
			);
			inputPaths = (
				"${PODS_PODFILE_DIR_PATH}/Podfile.lock",
				"${PODS_ROOT}/Manifest.lock",
			);
			name = "[CP] Check Pods Manifest.lock";
			outputFileListPaths = (
			);
			outputPaths = (
				"$(DERIVED_FILE_DIR)/Pods-deer-checkManifestLockResult.txt",
			);
			runOnlyForDeploymentPostprocessing = 0;
			shellPath = /bin/sh;
			shellScript = "diff \"${PODS_PODFILE_DIR_PATH}/Podfile.lock\" \"${PODS_ROOT}/Manifest.lock\" > /dev/null\nif [ $? != 0 ] ; then\n    # print error to STDERR\n    echo \"error: The sandbox is not in sync with the Podfile.lock. Run 'pod install' or update your CocoaPods installation.\" >&2\n    exit 1\nfi\n# This output is used by Xcode 'outputs' to avoid re-running this script phase.\necho \"SUCCESS\" > \"${SCRIPT_OUTPUT_FILE_0}\"\n";
			showEnvVarsInLog = 0;
		};
		569EF5E86FFDE6C2F1E92229 /* [CP] Embed Pods Frameworks */ = {
			isa = PBXShellScriptBuildPhase;
			buildActionMask = 2147483647;
			files = (
			);
			inputFileListPaths = (
				"${PODS_ROOT}/Target Support Files/Pods-deer/Pods-deer-frameworks-${CONFIGURATION}-input-files.xcfilelist",
			);
			name = "[CP] Embed Pods Frameworks";
			outputFileListPaths = (
				"${PODS_ROOT}/Target Support Files/Pods-deer/Pods-deer-frameworks-${CONFIGURATION}-output-files.xcfilelist",
			);
			runOnlyForDeploymentPostprocessing = 0;
			shellPath = /bin/sh;
			shellScript = "\"${PODS_ROOT}/Target Support Files/Pods-deer/Pods-deer-frameworks.sh\"\n";
			showEnvVarsInLog = 0;
		};
/* End PBXShellScriptBuildPhase section */

/* Begin PBXSourcesBuildPhase section */
		9E6CA5E3231B3D250084A38C /* Sources */ = {
			isa = PBXSourcesBuildPhase;
			buildActionMask = 2147483647;
			files = (
				9E6CA62E231C7DE20084A38C /* ListCoordinator.swift in Sources */,
				9E6CA625231C7A8B0084A38C /* ArrayExtensions.swift in Sources */,
				9E2FCAA4231DE7670093E858 /* NetworkingService.swift in Sources */,
				9E2FC415231D6DCF0093E858 /* AuthFactory.swift in Sources */,
				9E2FCAAC231E17950093E858 /* ScooterService.swift in Sources */,
				9E6CA61D231C75E30084A38C /* ScooterMapViewController.swift in Sources */,
				9E6CA612231C737B0084A38C /* InitialViewController.swift in Sources */,
				9E2FCAE0231E348E0093E858 /* DataStore.swift in Sources */,
				9E6CA63F231CA3190084A38C /* AuthCoordinator.swift in Sources */,
				9E2FC411231CFA4F0093E858 /* UserInterface.swift in Sources */,
				9E2FC41C231D75570093E858 /* EmailEntryViewModel.swift in Sources */,
				9E2FC404231CD7C80093E858 /* ScooterMapView.swift in Sources */,
				9E6CA610231C727E0084A38C /* AppCoordinator.swift in Sources */,
				9E6CA635231C85800084A38C /* EmailEntryViewController.swift in Sources */,
				9E6CA5EB231B3D250084A38C /* AppDelegate.swift in Sources */,
				9E6CA5F3231B3D250084A38C /* deer.xcdatamodeld in Sources */,
				9E2FCAD6231E24A70093E858 /* Location.swift in Sources */,
				9E2FCADE231E2BB20093E858 /* SessionFactory.swift in Sources */,
				9E2FC40C231CF6140093E858 /* AuthCoordinatorInterface.swift in Sources */,
				9E6CA630231C82470084A38C /* UITabBarControllerExtensions.swift in Sources */,
				9E6CA639231C85AA0084A38C /* EmailEntryView.swift in Sources */,
				9E2FCAE4231E353A0093E858 /* PersistenceServiceInterface.swift in Sources */,
				9E2FC408231CF2DC0093E858 /* MainFactory.swift in Sources */,
				9E2FC413231D0C150093E858 /* KeyboardService.swift in Sources */,
				9E2FCADC231E26210093E858 /* SlateScooter.swift in Sources */,
				9E6CA643231CA8530084A38C /* Email.swift in Sources */,
				9E6CA628231C7B8C0084A38C /* MapCoordinator.swift in Sources */,
				9E2FCAD9231E25F40093E858 /* Scooter+CoreDataClass.swift in Sources */,
				9E2FCAA6231DED290093E858 /* AuthService.swift in Sources */,
				9E6CA622231C79930084A38C /* Coordinator.swift in Sources */,
				9E6CA63D231C9BF10084A38C /* UIColorExtensions.swift in Sources */,
				9E6CA63B231C87090084A38C /* UnderlinedTextField.swift in Sources */,
				9E6CA616231C74800084A38C /* CoreDataService.swift in Sources */,
				9E2FC417231D6F250093E858 /* KeyboardServiceInterface.swift in Sources */,
				9E2FCAE2231E34AD0093E858 /* DataStoreInterface.swift in Sources */,
				9E2FC40F231CF8490093E858 /* SessionCoordinatorInterface.swift in Sources */,
				9E2FCAAA231DF1F20093E858 /* NetworkingServiceInterface.swift in Sources */,
				9E2FCADA231E25F40093E858 /* Scooter+CoreDataProperties.swift in Sources */,
				9E2FC406231CDC700093E858 /* CircleButton.swift in Sources */,
				9E6CA600231B41D90084A38C /* Slate.swift in Sources */,
				9E6CA645231CBAFA0084A38C /* UIViewExtensions.swift in Sources */,
				9E6CA62B231C7D7F0084A38C /* ScooterListViewController.swift in Sources */,
				9E6CA614231C73CA0084A38C /* SessionCoordinator.swift in Sources */,
				9E6CA641231CA8210084A38C /* User.swift in Sources */,
			);
			runOnlyForDeploymentPostprocessing = 0;
		};
/* End PBXSourcesBuildPhase section */

/* Begin PBXVariantGroup section */
		9E6CA5F6231B3D260084A38C /* LaunchScreen.storyboard */ = {
			isa = PBXVariantGroup;
			children = (
				9E6CA5F7231B3D260084A38C /* Base */,
			);
			name = LaunchScreen.storyboard;
			sourceTree = "<group>";
		};
/* End PBXVariantGroup section */

/* Begin XCBuildConfiguration section */
		9E6CA5FA231B3D260084A38C /* Debug */ = {
			isa = XCBuildConfiguration;
			buildSettings = {
				ALWAYS_SEARCH_USER_PATHS = NO;
				CLANG_ANALYZER_NONNULL = YES;
				CLANG_ANALYZER_NUMBER_OBJECT_CONVERSION = YES_AGGRESSIVE;
				CLANG_CXX_LANGUAGE_STANDARD = "gnu++14";
				CLANG_CXX_LIBRARY = "libc++";
				CLANG_ENABLE_MODULES = YES;
				CLANG_ENABLE_OBJC_ARC = YES;
				CLANG_ENABLE_OBJC_WEAK = YES;
				CLANG_WARN_BLOCK_CAPTURE_AUTORELEASING = YES;
				CLANG_WARN_BOOL_CONVERSION = YES;
				CLANG_WARN_COMMA = YES;
				CLANG_WARN_CONSTANT_CONVERSION = YES;
				CLANG_WARN_DEPRECATED_OBJC_IMPLEMENTATIONS = YES;
				CLANG_WARN_DIRECT_OBJC_ISA_USAGE = YES_ERROR;
				CLANG_WARN_DOCUMENTATION_COMMENTS = YES;
				CLANG_WARN_EMPTY_BODY = YES;
				CLANG_WARN_ENUM_CONVERSION = YES;
				CLANG_WARN_INFINITE_RECURSION = YES;
				CLANG_WARN_INT_CONVERSION = YES;
				CLANG_WARN_NON_LITERAL_NULL_CONVERSION = YES;
				CLANG_WARN_OBJC_IMPLICIT_RETAIN_SELF = YES;
				CLANG_WARN_OBJC_LITERAL_CONVERSION = YES;
				CLANG_WARN_OBJC_ROOT_CLASS = YES_ERROR;
				CLANG_WARN_RANGE_LOOP_ANALYSIS = YES;
				CLANG_WARN_STRICT_PROTOTYPES = YES;
				CLANG_WARN_SUSPICIOUS_MOVE = YES;
				CLANG_WARN_UNGUARDED_AVAILABILITY = YES_AGGRESSIVE;
				CLANG_WARN_UNREACHABLE_CODE = YES;
				CLANG_WARN__DUPLICATE_METHOD_MATCH = YES;
				CODE_SIGN_IDENTITY = "iPhone Developer";
				COPY_PHASE_STRIP = NO;
				DEBUG_INFORMATION_FORMAT = dwarf;
				ENABLE_STRICT_OBJC_MSGSEND = YES;
				ENABLE_TESTABILITY = YES;
				GCC_C_LANGUAGE_STANDARD = gnu11;
				GCC_DYNAMIC_NO_PIC = NO;
				GCC_NO_COMMON_BLOCKS = YES;
				GCC_OPTIMIZATION_LEVEL = 0;
				GCC_PREPROCESSOR_DEFINITIONS = (
					"DEBUG=1",
					"$(inherited)",
				);
				GCC_WARN_64_TO_32_BIT_CONVERSION = YES;
				GCC_WARN_ABOUT_RETURN_TYPE = YES_ERROR;
				GCC_WARN_UNDECLARED_SELECTOR = YES;
				GCC_WARN_UNINITIALIZED_AUTOS = YES_AGGRESSIVE;
				GCC_WARN_UNUSED_FUNCTION = YES;
				GCC_WARN_UNUSED_VARIABLE = YES;
				IPHONEOS_DEPLOYMENT_TARGET = 12.4;
				MTL_ENABLE_DEBUG_INFO = INCLUDE_SOURCE;
				MTL_FAST_MATH = YES;
				ONLY_ACTIVE_ARCH = YES;
				SDKROOT = iphoneos;
				SWIFT_ACTIVE_COMPILATION_CONDITIONS = DEBUG;
				SWIFT_OPTIMIZATION_LEVEL = "-Onone";
			};
			name = Debug;
		};
		9E6CA5FB231B3D260084A38C /* Release */ = {
			isa = XCBuildConfiguration;
			buildSettings = {
				ALWAYS_SEARCH_USER_PATHS = NO;
				CLANG_ANALYZER_NONNULL = YES;
				CLANG_ANALYZER_NUMBER_OBJECT_CONVERSION = YES_AGGRESSIVE;
				CLANG_CXX_LANGUAGE_STANDARD = "gnu++14";
				CLANG_CXX_LIBRARY = "libc++";
				CLANG_ENABLE_MODULES = YES;
				CLANG_ENABLE_OBJC_ARC = YES;
				CLANG_ENABLE_OBJC_WEAK = YES;
				CLANG_WARN_BLOCK_CAPTURE_AUTORELEASING = YES;
				CLANG_WARN_BOOL_CONVERSION = YES;
				CLANG_WARN_COMMA = YES;
				CLANG_WARN_CONSTANT_CONVERSION = YES;
				CLANG_WARN_DEPRECATED_OBJC_IMPLEMENTATIONS = YES;
				CLANG_WARN_DIRECT_OBJC_ISA_USAGE = YES_ERROR;
				CLANG_WARN_DOCUMENTATION_COMMENTS = YES;
				CLANG_WARN_EMPTY_BODY = YES;
				CLANG_WARN_ENUM_CONVERSION = YES;
				CLANG_WARN_INFINITE_RECURSION = YES;
				CLANG_WARN_INT_CONVERSION = YES;
				CLANG_WARN_NON_LITERAL_NULL_CONVERSION = YES;
				CLANG_WARN_OBJC_IMPLICIT_RETAIN_SELF = YES;
				CLANG_WARN_OBJC_LITERAL_CONVERSION = YES;
				CLANG_WARN_OBJC_ROOT_CLASS = YES_ERROR;
				CLANG_WARN_RANGE_LOOP_ANALYSIS = YES;
				CLANG_WARN_STRICT_PROTOTYPES = YES;
				CLANG_WARN_SUSPICIOUS_MOVE = YES;
				CLANG_WARN_UNGUARDED_AVAILABILITY = YES_AGGRESSIVE;
				CLANG_WARN_UNREACHABLE_CODE = YES;
				CLANG_WARN__DUPLICATE_METHOD_MATCH = YES;
				CODE_SIGN_IDENTITY = "iPhone Developer";
				COPY_PHASE_STRIP = NO;
				DEBUG_INFORMATION_FORMAT = "dwarf-with-dsym";
				ENABLE_NS_ASSERTIONS = NO;
				ENABLE_STRICT_OBJC_MSGSEND = YES;
				GCC_C_LANGUAGE_STANDARD = gnu11;
				GCC_NO_COMMON_BLOCKS = YES;
				GCC_WARN_64_TO_32_BIT_CONVERSION = YES;
				GCC_WARN_ABOUT_RETURN_TYPE = YES_ERROR;
				GCC_WARN_UNDECLARED_SELECTOR = YES;
				GCC_WARN_UNINITIALIZED_AUTOS = YES_AGGRESSIVE;
				GCC_WARN_UNUSED_FUNCTION = YES;
				GCC_WARN_UNUSED_VARIABLE = YES;
				IPHONEOS_DEPLOYMENT_TARGET = 12.4;
				MTL_ENABLE_DEBUG_INFO = NO;
				MTL_FAST_MATH = YES;
				SDKROOT = iphoneos;
				SWIFT_COMPILATION_MODE = wholemodule;
				SWIFT_OPTIMIZATION_LEVEL = "-O";
				VALIDATE_PRODUCT = YES;
			};
			name = Release;
		};
		9E6CA5FD231B3D260084A38C /* Debug */ = {
			isa = XCBuildConfiguration;
			baseConfigurationReference = 4B3991ECD7554A25A669DBFF /* Pods-deer.debug.xcconfig */;
			buildSettings = {
				ASSETCATALOG_COMPILER_APPICON_NAME = AppIcon;
				CODE_SIGN_STYLE = Automatic;
				DEVELOPMENT_TEAM = 5K99777NES;
				INFOPLIST_FILE = "$(SRCROOT)/deer/App/Info.plist";
				LD_RUNPATH_SEARCH_PATHS = (
					"$(inherited)",
					"@executable_path/Frameworks",
				);
				PRODUCT_BUNDLE_IDENTIFIER = com.kiloloco.deer;
				PRODUCT_NAME = "$(TARGET_NAME)";
				SWIFT_VERSION = 5.0;
				TARGETED_DEVICE_FAMILY = "1,2";
			};
			name = Debug;
		};
		9E6CA5FE231B3D260084A38C /* Release */ = {
			isa = XCBuildConfiguration;
			baseConfigurationReference = B1C573EC570419F767C77900 /* Pods-deer.release.xcconfig */;
			buildSettings = {
				ASSETCATALOG_COMPILER_APPICON_NAME = AppIcon;
				CODE_SIGN_STYLE = Automatic;
				DEVELOPMENT_TEAM = 5K99777NES;
				INFOPLIST_FILE = "$(SRCROOT)/deer/App/Info.plist";
				LD_RUNPATH_SEARCH_PATHS = (
					"$(inherited)",
					"@executable_path/Frameworks",
				);
				PRODUCT_BUNDLE_IDENTIFIER = com.kiloloco.deer;
				PRODUCT_NAME = "$(TARGET_NAME)";
				SWIFT_VERSION = 5.0;
				TARGETED_DEVICE_FAMILY = "1,2";
			};
			name = Release;
		};
/* End XCBuildConfiguration section */

/* Begin XCConfigurationList section */
		9E6CA5E2231B3D250084A38C /* Build configuration list for PBXProject "deer" */ = {
			isa = XCConfigurationList;
			buildConfigurations = (
				9E6CA5FA231B3D260084A38C /* Debug */,
				9E6CA5FB231B3D260084A38C /* Release */,
			);
			defaultConfigurationIsVisible = 0;
			defaultConfigurationName = Release;
		};
		9E6CA5FC231B3D260084A38C /* Build configuration list for PBXNativeTarget "deer" */ = {
			isa = XCConfigurationList;
			buildConfigurations = (
				9E6CA5FD231B3D260084A38C /* Debug */,
				9E6CA5FE231B3D260084A38C /* Release */,
			);
			defaultConfigurationIsVisible = 0;
			defaultConfigurationName = Release;
		};
/* End XCConfigurationList section */

/* Begin XCVersionGroup section */
		9E6CA5F1231B3D250084A38C /* deer.xcdatamodeld */ = {
			isa = XCVersionGroup;
			children = (
				9E6CA5F2231B3D250084A38C /* deer.xcdatamodel */,
			);
			currentVersion = 9E6CA5F2231B3D250084A38C /* deer.xcdatamodel */;
			path = deer.xcdatamodeld;
			sourceTree = "<group>";
			versionGroupType = wrapper.xcdatamodel;
		};
/* End XCVersionGroup section */
	};
	rootObject = 9E6CA5DF231B3D250084A38C /* Project object */;
}
